
Microsoft Visual Studio Solution File, Format Version 12.00
# Visual Studio Version 17
VisualStudioVersion = 17.10.35122.118
MinimumVisualStudioVersion = 10.0.40219.1
Project("{9A19103F-16F7-4668-BE54-9A1E7A4F7556}") = "TestNodesWeb.Api", "TestNodesWeb.Api\TestNodesWeb.Api.csproj", "{78AFDE3F-565F-41D5-9AF4-C3A181B1B906}"
EndProject
Project("{9A19103F-16F7-4668-BE54-9A1E7A4F7556}") = "Database", "Database\Database.csproj", "{76FD95A8-827A-4F23-A6E5-A47AAE2D51C0}"
EndProject
Global
	GlobalSection(SolutionConfigurationPlatforms) = preSolution
		Debug|Any CPU = Debug|Any CPU
		Release|Any CPU = Release|Any CPU
	EndGlobalSection
	GlobalSection(ProjectConfigurationPlatforms) = postSolution
		{78AFDE3F-565F-41D5-9AF4-C3A181B1B906}.Debug|Any CPU.ActiveCfg = Debug|Any CPU
		{78AFDE3F-565F-41D5-9AF4-C3A181B1B906}.Debug|Any CPU.Build.0 = Debug|Any CPU
		{78AFDE3F-565F-41D5-9AF4-C3A181B1B906}.Release|Any CPU.ActiveCfg = Release|Any CPU
		{78AFDE3F-565F-41D5-9AF4-C3A181B1B906}.Release|Any CPU.Build.0 = Release|Any CPU
		{76FD95A8-827A-4F23-A6E5-A47AAE2D51C0}.Debug|Any CPU.ActiveCfg = Debug|Any CPU
		{76FD95A8-827A-4F23-A6E5-A47AAE2D51C0}.Debug|Any CPU.Build.0 = Debug|Any CPU
		{76FD95A8-827A-4F23-A6E5-A47AAE2D51C0}.Release|Any CPU.ActiveCfg = Release|Any CPU
		{76FD95A8-827A-4F23-A6E5-A47AAE2D51C0}.Release|Any CPU.Build.0 = Release|Any CPU
	EndGlobalSection
	GlobalSection(SolutionProperties) = preSolution
		HideSolutionNode = FALSE
	EndGlobalSection
	GlobalSection(ExtensibilityGlobals) = postSolution
		SolutionGuid = {0C0B4612-CE74-4C65-9D27-C805B16ABEBF}
	EndGlobalSection
EndGlobal
